
Microsoft Visual Studio Solution File, Format Version 12.00
# Visual Studio Version 17
VisualStudioVersion = 17.9.34728.123
MinimumVisualStudioVersion = 10.0.40219.1
Project("{FAE04EC0-301F-11D3-BF4B-00C04F79EFBC}") = "RefactoringWithGenerics", "RefactoringWithGenerics\RefactoringWithGenerics.csproj", "{749D65C0-A954-422F-A8B3-BC3F30D2E32D}"
EndProject
Global
	GlobalSection(SolutionConfigurationPlatforms) = preSolution
		Debug|Any CPU = Debug|Any CPU
		Release|Any CPU = Release|Any CPU
	EndGlobalSection
	GlobalSection(ProjectConfigurationPlatforms) = postSolution
		{749D65C0-A954-422F-A8B3-BC3F30D2E32D}.Debug|Any CPU.ActiveCfg = Debug|Any CPU
		{749D65C0-A954-422F-A8B3-BC3F30D2E32D}.Debug|Any CPU.Build.0 = Debug|Any CPU
		{749D65C0-A954-422F-A8B3-BC3F30D2E32D}.Release|Any CPU.ActiveCfg = Release|Any CPU
		{749D65C0-A954-422F-A8B3-BC3F30D2E32D}.Release|Any CPU.Build.0 = Release|Any CPU
	EndGlobalSection
	GlobalSection(SolutionProperties) = preSolution
		HideSolutionNode = FALSE
	EndGlobalSection
	GlobalSection(ExtensibilityGlobals) = postSolution
		SolutionGuid = {8906E060-3528-4392-8F70-5B57EF67C07B}
	EndGlobalSection
EndGlobal
